[[package]]
name = "numpy"
version = "1.22.0"
description = "NumPy is the fundamental package for array computing with Python."
category = "main"
optional = false
python-versions = ">=3.8"

[[package]]
name = "pillow"
version = "9.0.1"
description = "Python Imaging Library (Fork)"
category = "main"
optional = false
python-versions = ">=3.7"

[[package]]
name = "torch"
version = "1.10.0"
description = "Tensors and Dynamic neural networks in Python with strong GPU acceleration"
category = "main"
optional = false
python-versions = ">=3.6.2"

[package.dependencies]
typing-extensions = "*"

[[package]]
name = "torchsummary"
version = "1.5.1"
description = "Model summary in PyTorch similar to `model.summary()` in Keras"
category = "main"
optional = false
python-versions = "*"

[[package]]
name = "torchvision"
version = "0.11.1"
description = "image and video datasets and models for torch deep learning"
category = "main"
optional = false
python-versions = "*"

[package.dependencies]
numpy = "*"
pillow = ">=5.3.0,<8.3.0 || >8.3.0"
torch = "1.10.0"

[package.extras]
scipy = ["scipy"]

[[package]]
name = "typing-extensions"
version = "3.10.0.2"
description = "Backported and Experimental Type Hints for Python 3.5+"
category = "main"
optional = false
python-versions = "*"

[metadata]
lock-version = "1.1"
python-versions = "^3.9"
content-hash = "bb7370036d555c0881cff12e08baac1753494c3e1a426e0900c248e1f6d74c48"

[metadata.files]
numpy = [
    {file = "numpy-1.22.0-cp310-cp310-macosx_10_9_universal2.whl", hash = "sha256:3d22662b4b10112c545c91a0741f2436f8ca979ab3d69d03d19322aa970f9695"},
    {file = "numpy-1.22.0-cp310-cp310-macosx_10_9_x86_64.whl", hash = "sha256:11a1f3816ea82eed4178102c56281782690ab5993251fdfd75039aad4d20385f"},
    {file = "numpy-1.22.0-cp310-cp310-macosx_11_0_arm64.whl", hash = "sha256:5dc65644f75a4c2970f21394ad8bea1a844104f0fe01f278631be1c7eae27226"},
    {file = "numpy-1.22.0-cp310-cp310-manylinux_2_17_aarch64.manylinux2014_aarch64.whl", hash = "sha256:42c16cec1c8cf2728f1d539bd55aaa9d6bb48a7de2f41eb944697293ef65a559"},
    {file = "numpy-1.22.0-cp310-cp310-manylinux_2_17_x86_64.manylinux2014_x86_64.whl", hash = "sha256:a97e82c39d9856fe7d4f9b86d8a1e66eff99cf3a8b7ba48202f659703d27c46f"},
    {file = "numpy-1.22.0-cp310-cp310-win_amd64.whl", hash = "sha256:e41e8951749c4b5c9a2dc5fdbc1a4eec6ab2a140fdae9b460b0f557eed870f4d"},
    {file = "numpy-1.22.0-cp38-cp38-macosx_10_9_universal2.whl", hash = "sha256:bece0a4a49e60e472a6d1f70ac6cdea00f9ab80ff01132f96bd970cdd8a9e5a9"},
    {file = "numpy-1.22.0-cp38-cp38-macosx_10_9_x86_64.whl", hash = "sha256:818b9be7900e8dc23e013a92779135623476f44a0de58b40c32a15368c01d471"},
    {file = "numpy-1.22.0-cp38-cp38-macosx_11_0_arm64.whl", hash = "sha256:47ee7a839f5885bc0c63a74aabb91f6f40d7d7b639253768c4199b37aede7982"},
    {file = "numpy-1.22.0-cp38-cp38-manylinux_2_17_aarch64.manylinux2014_aarch64.whl", hash = "sha256:a024181d7aef0004d76fb3bce2a4c9f2e67a609a9e2a6ff2571d30e9976aa383"},
    {file = "numpy-1.22.0-cp38-cp38-manylinux_2_17_x86_64.manylinux2014_x86_64.whl", hash = "sha256:f71d57cc8645f14816ae249407d309be250ad8de93ef61d9709b45a0ddf4050c"},
    {file = "numpy-1.22.0-cp38-cp38-win32.whl", hash = "sha256:283d9de87c0133ef98f93dfc09fad3fb382f2a15580de75c02b5bb36a5a159a5"},
    {file = "numpy-1.22.0-cp38-cp38-win_amd64.whl", hash = "sha256:2762331de395739c91f1abb88041f94a080cb1143aeec791b3b223976228af3f"},
    {file = "numpy-1.22.0-cp39-cp39-macosx_10_9_universal2.whl", hash = "sha256:76ba7c40e80f9dc815c5e896330700fd6e20814e69da9c1267d65a4d051080f1"},
    {file = "numpy-1.22.0-cp39-cp39-macosx_10_9_x86_64.whl", hash = "sha256:0cfe07133fd00b27edee5e6385e333e9eeb010607e8a46e1cd673f05f8596595"},
    {file = "numpy-1.22.0-cp39-cp39-macosx_11_0_arm64.whl", hash = "sha256:6ed0d073a9c54ac40c41a9c2d53fcc3d4d4ed607670b9e7b0de1ba13b4cbfe6f"},
    {file = "numpy-1.22.0-cp39-cp39-manylinux_2_17_aarch64.manylinux2014_aarch64.whl", hash = "sha256:41388e32e40b41dd56eb37fcaa7488b2b47b0adf77c66154d6b89622c110dfe9"},
    {file = "numpy-1.22.0-cp39-cp39-manylinux_2_17_x86_64.manylinux2014_x86_64.whl", hash = "sha256:b55b953a1bdb465f4dc181758570d321db4ac23005f90ffd2b434cc6609a63dd"},
    {file = "numpy-1.22.0-cp39-cp39-win32.whl", hash = "sha256:5a311ee4d983c487a0ab546708edbdd759393a3dc9cd30305170149fedd23c88"},
    {file = "numpy-1.22.0-cp39-cp39-win_amd64.whl", hash = "sha256:a97a954a8c2f046d3817c2bce16e3c7e9a9c2afffaf0400f5c16df5172a67c9c"},
    {file = "numpy-1.22.0-pp38-pypy38_pp73-manylinux_2_17_x86_64.manylinux2014_x86_64.whl", hash = "sha256:bb02929b0d6bfab4c48a79bd805bd7419114606947ec8284476167415171f55b"},
    {file = "numpy-1.22.0.zip", hash = "sha256:a955e4128ac36797aaffd49ab44ec74a71c11d6938df83b1285492d277db5397"},
]
pillow = [
    {file = "Pillow-9.0.1-1-cp310-cp310-macosx_11_0_arm64.whl", hash = "sha256:a5d24e1d674dd9d72c66ad3ea9131322819ff86250b30dc5821cbafcfa0b96b4"},
    {file = "Pillow-9.0.1-1-cp38-cp38-macosx_11_0_arm64.whl", hash = "sha256:2632d0f846b7c7600edf53c48f8f9f1e13e62f66a6dbc15191029d950bfed976"},
    {file = "Pillow-9.0.1-1-cp39-cp39-macosx_11_0_arm64.whl", hash = "sha256:b9618823bd237c0d2575283f2939655f54d51b4527ec3972907a927acbcc5bfc"},
    {file = "Pillow-9.0.1-cp310-cp310-macosx_10_10_universal2.whl", hash = "sha256:9bfdb82cdfeccec50aad441afc332faf8606dfa5e8efd18a6692b5d6e79f00fd"},
    {file = "Pillow-9.0.1-cp310-cp310-macosx_11_0_arm64.whl", hash = "sha256:5100b45a4638e3c00e4d2320d3193bdabb2d75e79793af7c3eb139e4f569f16f"},
    {file = "Pillow-9.0.1-cp310-cp310-manylinux_2_17_aarch64.manylinux2014_aarch64.whl", hash = "sha256:528a2a692c65dd5cafc130de286030af251d2ee0483a5bf50c9348aefe834e8a"},
    {file = "Pillow-9.0.1-cp310-cp310-manylinux_2_17_i686.manylinux2014_i686.whl", hash = "sha256:0f29d831e2151e0b7b39981756d201f7108d3d215896212ffe2e992d06bfe049"},
    {file = "Pillow-9.0.1-cp310-cp310-manylinux_2_17_x86_64.manylinux2014_x86_64.whl", hash = "sha256:855c583f268edde09474b081e3ddcd5cf3b20c12f26e0d434e1386cc5d318e7a"},
    {file = "Pillow-9.0.1-cp310-cp310-win32.whl", hash = "sha256:d9d7942b624b04b895cb95af03a23407f17646815495ce4547f0e60e0b06f58e"},
    {file = "Pillow-9.0.1-cp310-cp310-win_amd64.whl", hash = "sha256:81c4b81611e3a3cb30e59b0cf05b888c675f97e3adb2c8672c3154047980726b"},
    {file = "Pillow-9.0.1-cp37-cp37m-macosx_10_10_x86_64.whl", hash = "sha256:413ce0bbf9fc6278b2d63309dfeefe452835e1c78398efb431bab0672fe9274e"},
    {file = "Pillow-9.0.1-cp37-cp37m-manylinux_2_17_aarch64.manylinux2014_aarch64.whl", hash = "sha256:80fe64a6deb6fcfdf7b8386f2cf216d329be6f2781f7d90304351811fb591360"},
    {file = "Pillow-9.0.1-cp37-cp37m-manylinux_2_17_i686.manylinux2014_i686.whl", hash = "sha256:cef9c85ccbe9bee00909758936ea841ef12035296c748aaceee535969e27d31b"},
    {file = "Pillow-9.0.1-cp37-cp37m-manylinux_2_17_x86_64.manylinux2014_x86_64.whl", hash = "sha256:1d19397351f73a88904ad1aee421e800fe4bbcd1aeee6435fb62d0a05ccd1030"},
    {file = "Pillow-9.0.1-cp37-cp37m-win32.whl", hash = "sha256:d21237d0cd37acded35154e29aec853e945950321dd2ffd1a7d86fe686814669"},
    {file = "Pillow-9.0.1-cp37-cp37m-win_amd64.whl", hash = "sha256:ede5af4a2702444a832a800b8eb7f0a7a1c0eed55b644642e049c98d589e5092"},
    {file = "Pillow-9.0.1-cp38-cp38-macosx_10_10_x86_64.whl", hash = "sha256:b5b3f092fe345c03bca1e0b687dfbb39364b21ebb8ba90e3fa707374b7915204"},
    {file = "Pillow-9.0.1-cp38-cp38-macosx_11_0_arm64.whl", hash = "sha256:335ace1a22325395c4ea88e00ba3dc89ca029bd66bd5a3c382d53e44f0ccd77e"},
    {file = "Pillow-9.0.1-cp38-cp38-manylinux_2_17_aarch64.manylinux2014_aarch64.whl", hash = "sha256:db6d9fac65bd08cea7f3540b899977c6dee9edad959fa4eaf305940d9cbd861c"},
    {file = "Pillow-9.0.1-cp38-cp38-manylinux_2_17_i686.manylinux2014_i686.whl", hash = "sha256:f154d173286a5d1863637a7dcd8c3437bb557520b01bddb0be0258dcb72696b5"},
    {file = "Pillow-9.0.1-cp38-cp38-manylinux_2_17_x86_64.manylinux2014_x86_64.whl", hash = "sha256:14d4b1341ac07ae07eb2cc682f459bec932a380c3b122f5540432d8977e64eae"},
    {file = "Pillow-9.0.1-cp38-cp38-win32.whl", hash = "sha256:effb7749713d5317478bb3acb3f81d9d7c7f86726d41c1facca068a04cf5bb4c"},
    {file = "Pillow-9.0.1-cp38-cp38-win_amd64.whl", hash = "sha256:7f7609a718b177bf171ac93cea9fd2ddc0e03e84d8fa4e887bdfc39671d46b00"},
    {file = "Pillow-9.0.1-cp39-cp39-macosx_10_10_x86_64.whl", hash = "sha256:80ca33961ced9c63358056bd08403ff866512038883e74f3a4bf88ad3eb66838"},
    {file = "Pillow-9.0.1-cp39-cp39-macosx_11_0_arm64.whl", hash = "sha256:1c3c33ac69cf059bbb9d1a71eeaba76781b450bc307e2291f8a4764d779a6b28"},
    {file = "Pillow-9.0.1-cp39-cp39-manylinux_2_17_aarch64.manylinux2014_aarch64.whl", hash = "sha256:12875d118f21cf35604176872447cdb57b07126750a33748bac15e77f90f1f9c"},
    {file = "Pillow-9.0.1-cp39-cp39-manylinux_2_17_i686.manylinux2014_i686.whl", hash = "sha256:514ceac913076feefbeaf89771fd6febde78b0c4c1b23aaeab082c41c694e81b"},
    {file = "Pillow-9.0.1-cp39-cp39-manylinux_2_17_x86_64.manylinux2014_x86_64.whl", hash = "sha256:d3c5c79ab7dfce6d88f1ba639b77e77a17ea33a01b07b99840d6ed08031cb2a7"},
    {file = "Pillow-9.0.1-cp39-cp39-win32.whl", hash = "sha256:718856856ba31f14f13ba885ff13874be7fefc53984d2832458f12c38205f7f7"},
    {file = "Pillow-9.0.1-cp39-cp39-win_amd64.whl", hash = "sha256:f25ed6e28ddf50de7e7ea99d7a976d6a9c415f03adcaac9c41ff6ff41b6d86ac"},
    {file = "Pillow-9.0.1-pp37-pypy37_pp73-macosx_10_10_x86_64.whl", hash = "sha256:011233e0c42a4a7836498e98c1acf5e744c96a67dd5032a6f666cc1fb97eab97"},
    {file = "Pillow-9.0.1-pp37-pypy37_pp73-manylinux_2_17_i686.manylinux2014_i686.whl", hash = "sha256:253e8a302a96df6927310a9d44e6103055e8fb96a6822f8b7f514bb7ef77de56"},
    {file = "Pillow-9.0.1-pp37-pypy37_pp73-manylinux_2_17_x86_64.manylinux2014_x86_64.whl", hash = "sha256:6295f6763749b89c994fcb6d8a7f7ce03c3992e695f89f00b741b4580b199b7e"},
    {file = "Pillow-9.0.1-pp38-pypy38_pp73-win_amd64.whl", hash = "sha256:a9f44cd7e162ac6191491d7249cceb02b8116b0f7e847ee33f739d7cb1ea1f70"},
    {file = "Pillow-9.0.1.tar.gz", hash = "sha256:6c8bc8238a7dfdaf7a75f5ec5a663f4173f8c367e5a39f87e720495e1eed75fa"},
]
torch = [
    {file = "torch-1.10.0-cp36-cp36m-manylinux1_x86_64.whl", hash = "sha256:56022b0ce94c54e95a2f63fc5a1494feb1fc3d5c7a9b35a62944651d03edef05"},
    {file = "torch-1.10.0-cp36-cp36m-manylinux2014_aarch64.whl", hash = "sha256:13e1ffab502aa32d6841a018771b47028d02dbbc685c5b79cfd61db5464dae4e"},
    {file = "torch-1.10.0-cp36-cp36m-win_amd64.whl", hash = "sha256:3c0a942e0df104c80b0eedc30d2a19cdc3d28601bc6e280bf24b2e6255016d3b"},
    {file = "torch-1.10.0-cp36-none-macosx_10_9_x86_64.whl", hash = "sha256:eea16c01af1980ba709c00e8d5e6c09bedb5b30f9fa2085f6a52a78d7dc4e125"},
    {file = "torch-1.10.0-cp37-cp37m-manylinux1_x86_64.whl", hash = "sha256:b812e8d40d7037748da40bb695bd849e7b2e7faad4cd06df53d2cc4531926fda"},
    {file = "torch-1.10.0-cp37-cp37m-manylinux2014_aarch64.whl", hash = "sha256:034df0b20603bfc81325094586647302891b9b20be7e36f152c7dd6af00deac1"},
    {file = "torch-1.10.0-cp37-cp37m-win_amd64.whl", hash = "sha256:67fc509e207b8e7330f2e76e77800950317d31d035a4d19593db991962afead4"},
    {file = "torch-1.10.0-cp37-none-macosx_10_9_x86_64.whl", hash = "sha256:4499055547087d7ef7e8a754f09c2c4f1470297ae3e5490363dba66c75501b21"},
    {file = "torch-1.10.0-cp38-cp38-manylinux1_x86_64.whl", hash = "sha256:ab0cf330714c8f79a837c04784a7a5658b014cf5a4ca527e7b710155ae519cdf"},
    {file = "torch-1.10.0-cp38-cp38-manylinux2014_aarch64.whl", hash = "sha256:e01ba5946267014abfdb30248bcdbd457aaa20cff749febe7fc191e5ae096af4"},
    {file = "torch-1.10.0-cp38-cp38-win_amd64.whl", hash = "sha256:9013002adcb42bac05dcdbf0a03dd9f6bb5d7ab8b9817041c1176a014870786b"},
    {file = "torch-1.10.0-cp38-none-macosx_10_9_x86_64.whl", hash = "sha256:aef7afb62e9b174b4e0e5e1e4a42e3bab3b8490a668d666f62f7d4517559fbf2"},
    {file = "torch-1.10.0-cp38-none-macosx_11_0_arm64.whl", hash = "sha256:d6185827b285780653cdd81d77a09fdca76a5b190d5986d552be2a5c442cfaa4"},
    {file = "torch-1.10.0-cp39-cp39-manylinux1_x86_64.whl", hash = "sha256:d82e68302c9b5c76ed585e04d61be0ca2184f70cb8ffeba8610570609ad5d7c9"},
    {file = "torch-1.10.0-cp39-cp39-manylinux2014_aarch64.whl", hash = "sha256:e5822200bf80a1495ad98a2bb41803eeba4a85ce373e35fc65765f7f888f5374"},
    {file = "torch-1.10.0-cp39-cp39-win_amd64.whl", hash = "sha256:ca2c88fa4376e2648785029ab108e6e7abd784eb6535fc6036004b9254f9f7c1"},
    {file = "torch-1.10.0-cp39-none-macosx_10_9_x86_64.whl", hash = "sha256:d6ef87470b44df9970e84542547d5ba7720bb89616602441df555a39b124e2bc"},
    {file = "torch-1.10.0-cp39-none-macosx_11_0_arm64.whl", hash = "sha256:eea675ec01ec4b4a0655fd2984f166a5ca3b933dae6ad4eb4e52eba7026dc176"},
]
torchsummary = [
    {file = "torchsummary-1.5.1-py3-none-any.whl", hash = "sha256:10f41d1743fb918f83293f13183f532ab1bb8f6639a1b89e5f8592ec1919a976"},
    {file = "torchsummary-1.5.1.tar.gz", hash = "sha256:981bf689e22e0cf7f95c746002f20a24ad26aa6b9d861134a14bc6ce92230590"},
]
torchvision = [
    {file = "torchvision-0.11.1-cp36-cp36m-macosx_10_9_x86_64.whl", hash = "sha256:597d82e9b186f59695ea19ff96d4b46b74f0be52227b0a77d7cf9a9d20e6801c"},
    {file = "torchvision-0.11.1-cp36-cp36m-manylinux1_x86_64.whl", hash = "sha256:b56285c3da0abd11cdf86cad82c4aebbb57ab6975673a4f87d686c612dda66b7"},
    {file = "torchvision-0.11.1-cp36-cp36m-manylinux2014_aarch64.whl", hash = "sha256:75ea4c021e348315a655b3f94734d9ddaf5650a7ace53759dff38a13469c7cfa"},
    {file = "torchvision-0.11.1-cp36-cp36m-win_amd64.whl", hash = "sha256:0c3bb474e298f3655f419e0f13a0c1ca0ef89f43e0f3f7b7ef603f3f1728543a"},
    {file = "torchvision-0.11.1-cp37-cp37m-macosx_10_9_x86_64.whl", hash = "sha256:1fde05a1cc41f1fa3771723aad2435eb745513534209e51b349b009769895586"},
    {file = "torchvision-0.11.1-cp37-cp37m-manylinux1_x86_64.whl", hash = "sha256:3c1ba63eaf36d8dff7e0326dc61a73dbb100530ad4231c56427002689cada00b"},
    {file = "torchvision-0.11.1-cp37-cp37m-manylinux2014_aarch64.whl", hash = "sha256:f0be815759290ad81cafdab17973b040f8317fc59c740ad67948ebb9271e763c"},
    {file = "torchvision-0.11.1-cp37-cp37m-win_amd64.whl", hash = "sha256:7d28c1cd3f8f470c5faf46b426969d9db1113aa9414fc5a3056e20c7cf91a746"},
    {file = "torchvision-0.11.1-cp38-cp38-macosx_10_9_x86_64.whl", hash = "sha256:73fae784c31a5ec7ddddefe0ba36ff3fac5131dc9c8babae3fab4ea9885b682a"},
    {file = "torchvision-0.11.1-cp38-cp38-manylinux1_x86_64.whl", hash = "sha256:4e41b0a35587d2284468eddff31642704d4b218ea0e5505bb60881a94d2688e6"},
    {file = "torchvision-0.11.1-cp38-cp38-manylinux2014_aarch64.whl", hash = "sha256:5dec0014240f93c17837b37a194c6a35ba99da9c3b7c5b8341f7fb2bcc676e04"},
    {file = "torchvision-0.11.1-cp38-cp38-win_amd64.whl", hash = "sha256:99c92a02832e84e51c47e303a76e57e09776abf5009b046e9269ea7387d5aadb"},
    {file = "torchvision-0.11.1-cp39-cp39-macosx_10_9_x86_64.whl", hash = "sha256:18f9e1d571be810ee9a4b8604f88748e5eb4e545171f0167ad734bf080eacf2d"},
    {file = "torchvision-0.11.1-cp39-cp39-manylinux1_x86_64.whl", hash = "sha256:6ac7aa49f81cdab4176131c3004bc86a5e5525d0be430172c78e6e2bb604e675"},
    {file = "torchvision-0.11.1-cp39-cp39-manylinux2014_aarch64.whl", hash = "sha256:8bb26e3856f163d9fe9287ad19105e93368e1c1d70d58101a9370d0acdb12865"},
    {file = "torchvision-0.11.1-cp39-cp39-win_amd64.whl", hash = "sha256:11e0b162f7a8ee7fa959b9e0f2a15fb858af0b2e6f79f5a0527db55327241d26"},
]
typing-extensions = [
    {file = "typing_extensions-3.10.0.2-py2-none-any.whl", hash = "sha256:d8226d10bc02a29bcc81df19a26e56a9647f8b0a6d4a83924139f4a8b01f17b7"},
    {file = "typing_extensions-3.10.0.2-py3-none-any.whl", hash = "sha256:f1d25edafde516b146ecd0613dabcc61409817af4766fbbcfb8d1ad4ec441a34"},
    {file = "typing_extensions-3.10.0.2.tar.gz", hash = "sha256:49f75d16ff11f1cd258e1b988ccff82a3ca5570217d7ad8c5f48205dd99a677e"},
]
